
Microsoft Visual Studio Solution File, Format Version 12.00
Project("{FAE04EC0-301F-11D3-BF4B-00C04F79EFBC}") = "Cookbook", "Cookbook\Cookbook.csproj", "{8F3F81CD-0499-4CEF-9466-2755431CCD0C}"
EndProject
Project("{FAE04EC0-301F-11D3-BF4B-00C04F79EFBC}") = "GameDataParser", "GameDataParser\GameDataParser.csproj", "{3116ACA9-A2A4-41E3-8D9F-8A0F1522D96C}"
EndProject
Global
	GlobalSection(SolutionConfigurationPlatforms) = preSolution
		Debug|Any CPU = Debug|Any CPU
		Release|Any CPU = Release|Any CPU
	EndGlobalSection
	GlobalSection(ProjectConfigurationPlatforms) = postSolution
		{8F3F81CD-0499-4CEF-9466-2755431CCD0C}.Debug|Any CPU.ActiveCfg = Debug|Any CPU
		{8F3F81CD-0499-4CEF-9466-2755431CCD0C}.Debug|Any CPU.Build.0 = Debug|Any CPU
		{8F3F81CD-0499-4CEF-9466-2755431CCD0C}.Release|Any CPU.ActiveCfg = Release|Any CPU
		{8F3F81CD-0499-4CEF-9466-2755431CCD0C}.Release|Any CPU.Build.0 = Release|Any CPU
		{3116ACA9-A2A4-41E3-8D9F-8A0F1522D96C}.Debug|Any CPU.ActiveCfg = Debug|Any CPU
		{3116ACA9-A2A4-41E3-8D9F-8A0F1522D96C}.Debug|Any CPU.Build.0 = Debug|Any CPU
		{3116ACA9-A2A4-41E3-8D9F-8A0F1522D96C}.Release|Any CPU.ActiveCfg = Release|Any CPU
		{3116ACA9-A2A4-41E3-8D9F-8A0F1522D96C}.Release|Any CPU.Build.0 = Release|Any CPU
	EndGlobalSection
EndGlobal
